// !$*UTF8*$!
{
	archiveVersion = 1;
	classes = {
	};
	objectVersion = 46;
	objects = {

/* Begin PBXBuildFile section */
		850C53E916F24C020083183C /* CardInfo.m in Sources */ = {isa = PBXBuildFile; fileRef = 850C53E816F24C020083183C /* CardInfo.m */; };
		850C53F016F39A090083183C /* redButton.png in Resources */ = {isa = PBXBuildFile; fileRef = 850C53EE16F39A090083183C /* redButton.png */; };
		850C53F116F39A090083183C /* greenButton.png in Resources */ = {isa = PBXBuildFile; fileRef = 850C53EF16F39A090083183C /* greenButton.png */; };
		850C540816F526E90083183C /* pick.wav in Resources */ = {isa = PBXBuildFile; fileRef = 850C540716F526E90083183C /* pick.wav */; };
		850C540A16F52A790083183C /* AudioToolbox.framework in Frameworks */ = {isa = PBXBuildFile; fileRef = 850C540916F52A790083183C /* AudioToolbox.framework */; };
		850C540C16F5319E0083183C /* picker.wav in Resources */ = {isa = PBXBuildFile; fileRef = 850C540B16F5319E0083183C /* picker.wav */; };
		850C540E16F534BD0083183C /* neon.png in Resources */ = {isa = PBXBuildFile; fileRef = 850C540D16F534BD0083183C /* neon.png */; };
		850C541816F537670083183C /* diamond.png in Resources */ = {isa = PBXBuildFile; fileRef = 850C541716F537670083183C /* diamond.png */; };
		850C541A16F537870083183C /* darkLight.png in Resources */ = {isa = PBXBuildFile; fileRef = 850C541916F537870083183C /* darkLight.png */; };
		850C541C16F53E900083183C /* click3.wav in Resources */ = {isa = PBXBuildFile; fileRef = 850C541B16F53E900083183C /* click3.wav */; };
		850C541E16F556D60083183C /* woosh1.wav in Resources */ = {isa = PBXBuildFile; fileRef = 850C541D16F556D60083183C /* woosh1.wav */; };
		850C542116F572260083183C /* alien.png in Resources */ = {isa = PBXBuildFile; fileRef = 850C542016F572250083183C /* alien.png */; };
		850C542716F791F20083183C /* magic1.wav in Resources */ = {isa = PBXBuildFile; fileRef = 850C542616F791F20083183C /* magic1.wav */; };
		853C578616F0E39A00628BC9 /* UIKit.framework in Frameworks */ = {isa = PBXBuildFile; fileRef = 853C578516F0E39A00628BC9 /* UIKit.framework */; };
		853C578816F0E39A00628BC9 /* Foundation.framework in Frameworks */ = {isa = PBXBuildFile; fileRef = 853C578716F0E39A00628BC9 /* Foundation.framework */; };
		853C578A16F0E39A00628BC9 /* CoreGraphics.framework in Frameworks */ = {isa = PBXBuildFile; fileRef = 853C578916F0E39A00628BC9 /* CoreGraphics.framework */; };
		853C579016F0E39A00628BC9 /* InfoPlist.strings in Resources */ = {isa = PBXBuildFile; fileRef = 853C578E16F0E39A00628BC9 /* InfoPlist.strings */; };
		853C579216F0E39A00628BC9 /* main.m in Sources */ = {isa = PBXBuildFile; fileRef = 853C579116F0E39A00628BC9 /* main.m */; };
		853C579616F0E39A00628BC9 /* MMWAppDelegate.m in Sources */ = {isa = PBXBuildFile; fileRef = 853C579516F0E39A00628BC9 /* MMWAppDelegate.m */; };
		853C57A416F0E39B00628BC9 /* SenTestingKit.framework in Frameworks */ = {isa = PBXBuildFile; fileRef = 853C57A316F0E39B00628BC9 /* SenTestingKit.framework */; };
		853C57A516F0E39B00628BC9 /* UIKit.framework in Frameworks */ = {isa = PBXBuildFile; fileRef = 853C578516F0E39A00628BC9 /* UIKit.framework */; };
		853C57A616F0E39B00628BC9 /* Foundation.framework in Frameworks */ = {isa = PBXBuildFile; fileRef = 853C578716F0E39A00628BC9 /* Foundation.framework */; };
		853C57AE16F0E39B00628BC9 /* InfoPlist.strings in Resources */ = {isa = PBXBuildFile; fileRef = 853C57AC16F0E39B00628BC9 /* InfoPlist.strings */; };
		853C57B116F0E39B00628BC9 /* Assignment3Tests.m in Sources */ = {isa = PBXBuildFile; fileRef = 853C57B016F0E39B00628BC9 /* Assignment3Tests.m */; };
		853C57BD16F0E42500628BC9 /* CheckItViewController.m in Sources */ = {isa = PBXBuildFile; fileRef = 853C57BB16F0E42500628BC9 /* CheckItViewController.m */; };
		853C57BE16F0E42500628BC9 /* CheckItViewController.xib in Resources */ = {isa = PBXBuildFile; fileRef = 853C57BC16F0E42500628BC9 /* CheckItViewController.xib */; };
		853C57C216F0E44D00628BC9 /* UnlockItViewController.m in Sources */ = {isa = PBXBuildFile; fileRef = 853C57C016F0E44D00628BC9 /* UnlockItViewController.m */; };
		853C57C316F0E44D00628BC9 /* UnlockItViewController.xib in Resources */ = {isa = PBXBuildFile; fileRef = 853C57C116F0E44D00628BC9 /* UnlockItViewController.xib */; };
		853C57C716F0E49700628BC9 /* GetHintViewController.m in Sources */ = {isa = PBXBuildFile; fileRef = 853C57C516F0E49600628BC9 /* GetHintViewController.m */; };
		853C57C816F0E49700628BC9 /* GetHintViewController.xib in Resources */ = {isa = PBXBuildFile; fileRef = 853C57C616F0E49700628BC9 /* GetHintViewController.xib */; };
		857491BA16F1259400244679 /* TabBarController.xib in Resources */ = {isa = PBXBuildFile; fileRef = 857491B916F1259400244679 /* TabBarController.xib */; };
		85ADA47A16F1383600C2D3F3 /* check.png in Resources */ = {isa = PBXBuildFile; fileRef = 85ADA47916F1383600C2D3F3 /* check.png */; };
		85ADA47C16F1393300C2D3F3 /* hint.png in Resources */ = {isa = PBXBuildFile; fileRef = 85ADA47B16F1393300C2D3F3 /* hint.png */; };
		85ADA47E16F13C1300C2D3F3 /* unlock.png in Resources */ = {isa = PBXBuildFile; fileRef = 85ADA47D16F13C1300C2D3F3 /* unlock.png */; };
		85ADA48316F1487B00C2D3F3 /* club.png in Resources */ = {isa = PBXBuildFile; fileRef = 85ADA47F16F1487B00C2D3F3 /* club.png */; };
		85ADA48416F1487B00C2D3F3 /* spade.png in Resources */ = {isa = PBXBuildFile; fileRef = 85ADA48016F1487B00C2D3F3 /* spade.png */; };
		85ADA48516F1487B00C2D3F3 /* diamond.png in Resources */ = {isa = PBXBuildFile; fileRef = 85ADA48116F1487B00C2D3F3 /* diamond.png */; };
		85ADA48616F1487B00C2D3F3 /* heart.png in Resources */ = {isa = PBXBuildFile; fileRef = 85ADA48216F1487B00C2D3F3 /* heart.png */; };
/* End PBXBuildFile section */

/* Begin PBXContainerItemProxy section */
		853C57A716F0E39B00628BC9 /* PBXContainerItemProxy */ = {
			isa = PBXContainerItemProxy;
			containerPortal = 853C577816F0E39A00628BC9 /* Project object */;
			proxyType = 1;
			remoteGlobalIDString = 853C578016F0E39A00628BC9;
			remoteInfo = Assignment3;
		};
/* End PBXContainerItemProxy section */

/* Begin PBXFileReference section */
		850C53E716F24C020083183C /* CardInfo.h */ = {isa = PBXFileReference; fileEncoding = 4; lastKnownFileType = sourcecode.c.h; name = CardInfo.h; path = Assignment3/CardInfo.h; sourceTree = "<group>"; };
		850C53E816F24C020083183C /* CardInfo.m */ = {isa = PBXFileReference; fileEncoding = 4; lastKnownFileType = sourcecode.c.objc; name = CardInfo.m; path = Assignment3/CardInfo.m; sourceTree = "<group>"; };
		850C53EE16F39A090083183C /* redButton.png */ = {isa = PBXFileReference; lastKnownFileType = image.png; name = redButton.png; path = ../../redButton.png; sourceTree = "<group>"; };
		850C53EF16F39A090083183C /* greenButton.png */ = {isa = PBXFileReference; lastKnownFileType = image.png; name = greenButton.png; path = ../../greenButton.png; sourceTree = "<group>"; };
		850C540716F526E90083183C /* pick.wav */ = {isa = PBXFileReference; lastKnownFileType = audio.wav; name = pick.wav; path = ../../../../Desktop/project/sounds/pick.wav; sourceTree = "<group>"; };
		850C540916F52A790083183C /* AudioToolbox.framework */ = {isa = PBXFileReference; lastKnownFileType = wrapper.framework; name = AudioToolbox.framework; path = System/Library/Frameworks/AudioToolbox.framework; sourceTree = SDKROOT; };
		850C540B16F5319E0083183C /* picker.wav */ = {isa = PBXFileReference; lastKnownFileType = audio.wav; name = picker.wav; path = ../../picker.wav; sourceTree = "<group>"; };
		850C540D16F534BD0083183C /* neon.png */ = {isa = PBXFileReference; lastKnownFileType = image.png; name = neon.png; path = ../../../../Desktop/project/images/background/neon.png; sourceTree = "<group>"; };
		850C541716F537670083183C /* diamond.png */ = {isa = PBXFileReference; lastKnownFileType = image.png; name = diamond.png; path = ../../diamond.png; sourceTree = "<group>"; };
		850C541916F537870083183C /* darkLight.png */ = {isa = PBXFileReference; lastKnownFileType = image.png; name = darkLight.png; path = ../../darkLight.png; sourceTree = "<group>"; };
		850C541B16F53E900083183C /* click3.wav */ = {isa = PBXFileReference; lastKnownFileType = audio.wav; name = click3.wav; path = ../../../../Desktop/project/sounds/click3.wav; sourceTree = "<group>"; };
		850C541D16F556D60083183C /* woosh1.wav */ = {isa = PBXFileReference; lastKnownFileType = audio.wav; name = woosh1.wav; path = ../../../../Desktop/project/sounds/woosh1.wav; sourceTree = "<group>"; };
		850C541F16F560940083183C /* UIApplication.h */ = {isa = PBXFileReference; fileEncoding = 4; lastKnownFileType = sourcecode.c.h; path = UIApplication.h; sourceTree = "<group>"; };
		850C542016F572250083183C /* alien.png */ = {isa = PBXFileReference; lastKnownFileType = image.png; name = alien.png; path = ../../alien.png; sourceTree = "<group>"; };
		850C542616F791F20083183C /* magic1.wav */ = {isa = PBXFileReference; lastKnownFileType = audio.wav; name = magic1.wav; path = ../../../../Desktop/project/sounds/magic1.wav; sourceTree = "<group>"; };
		853C578116F0E39A00628BC9 /* Assignment3.app */ = {isa = PBXFileReference; explicitFileType = wrapper.application; includeInIndex = 0; path = Assignment3.app; sourceTree = BUILT_PRODUCTS_DIR; };
		853C578516F0E39A00628BC9 /* UIKit.framework */ = {isa = PBXFileReference; lastKnownFileType = wrapper.framework; name = UIKit.framework; path = System/Library/Frameworks/UIKit.framework; sourceTree = SDKROOT; };
		853C578716F0E39A00628BC9 /* Foundation.framework */ = {isa = PBXFileReference; lastKnownFileType = wrapper.framework; name = Foundation.framework; path = System/Library/Frameworks/Foundation.framework; sourceTree = SDKROOT; };
		853C578916F0E39A00628BC9 /* CoreGraphics.framework */ = {isa = PBXFileReference; lastKnownFileType = wrapper.framework; name = CoreGraphics.framework; path = System/Library/Frameworks/CoreGraphics.framework; sourceTree = SDKROOT; };
		853C578D16F0E39A00628BC9 /* Assignment3-Info.plist */ = {isa = PBXFileReference; lastKnownFileType = text.plist.xml; path = "Assignment3-Info.plist"; sourceTree = "<group>"; };
		853C578F16F0E39A00628BC9 /* en */ = {isa = PBXFileReference; lastKnownFileType = text.plist.strings; name = en; path = en.lproj/InfoPlist.strings; sourceTree = "<group>"; };
		853C579116F0E39A00628BC9 /* main.m */ = {isa = PBXFileReference; lastKnownFileType = sourcecode.c.objc; path = main.m; sourceTree = "<group>"; };
		853C579316F0E39A00628BC9 /* Assignment3-Prefix.pch */ = {isa = PBXFileReference; lastKnownFileType = sourcecode.c.h; path = "Assignment3-Prefix.pch"; sourceTree = "<group>"; };
		853C579416F0E39A00628BC9 /* MMWAppDelegate.h */ = {isa = PBXFileReference; lastKnownFileType = sourcecode.c.h; path = MMWAppDelegate.h; sourceTree = "<group>"; };
		853C579516F0E39A00628BC9 /* MMWAppDelegate.m */ = {isa = PBXFileReference; lastKnownFileType = sourcecode.c.objc; path = MMWAppDelegate.m; sourceTree = "<group>"; };
		853C57A216F0E39B00628BC9 /* Assignment3Tests.octest */ = {isa = PBXFileReference; explicitFileType = wrapper.cfbundle; includeInIndex = 0; path = Assignment3Tests.octest; sourceTree = BUILT_PRODUCTS_DIR; };
		853C57A316F0E39B00628BC9 /* SenTestingKit.framework */ = {isa = PBXFileReference; lastKnownFileType = wrapper.framework; name = SenTestingKit.framework; path = Library/Frameworks/SenTestingKit.framework; sourceTree = DEVELOPER_DIR; };
		853C57AB16F0E39B00628BC9 /* Assignment3Tests-Info.plist */ = {isa = PBXFileReference; lastKnownFileType = text.plist.xml; path = "Assignment3Tests-Info.plist"; sourceTree = "<group>"; };
		853C57AD16F0E39B00628BC9 /* en */ = {isa = PBXFileReference; lastKnownFileType = text.plist.strings; name = en; path = en.lproj/InfoPlist.strings; sourceTree = "<group>"; };
		853C57AF16F0E39B00628BC9 /* Assignment3Tests.h */ = {isa = PBXFileReference; lastKnownFileType = sourcecode.c.h; path = Assignment3Tests.h; sourceTree = "<group>"; };
		853C57B016F0E39B00628BC9 /* Assignment3Tests.m */ = {isa = PBXFileReference; lastKnownFileType = sourcecode.c.objc; path = Assignment3Tests.m; sourceTree = "<group>"; };
		853C57BA16F0E42500628BC9 /* CheckItViewController.h */ = {isa = PBXFileReference; fileEncoding = 4; lastKnownFileType = sourcecode.c.h; path = CheckItViewController.h; sourceTree = "<group>"; };
		853C57BB16F0E42500628BC9 /* CheckItViewController.m */ = {isa = PBXFileReference; fileEncoding = 4; lastKnownFileType = sourcecode.c.objc; path = CheckItViewController.m; sourceTree = "<group>"; };
		853C57BC16F0E42500628BC9 /* CheckItViewController.xib */ = {isa = PBXFileReference; fileEncoding = 4; lastKnownFileType = file.xib; path = CheckItViewController.xib; sourceTree = "<group>"; };
		853C57BF16F0E44D00628BC9 /* UnlockItViewController.h */ = {isa = PBXFileReference; fileEncoding = 4; lastKnownFileType = sourcecode.c.h; path = UnlockItViewController.h; sourceTree = "<group>"; };
		853C57C016F0E44D00628BC9 /* UnlockItViewController.m */ = {isa = PBXFileReference; fileEncoding = 4; lastKnownFileType = sourcecode.c.objc; path = UnlockItViewController.m; sourceTree = "<group>"; };
		853C57C116F0E44D00628BC9 /* UnlockItViewController.xib */ = {isa = PBXFileReference; fileEncoding = 4; lastKnownFileType = file.xib; path = UnlockItViewController.xib; sourceTree = "<group>"; };
		853C57C416F0E49600628BC9 /* GetHintViewController.h */ = {isa = PBXFileReference; fileEncoding = 4; lastKnownFileType = sourcecode.c.h; path = GetHintViewController.h; sourceTree = "<group>"; };
		853C57C516F0E49600628BC9 /* GetHintViewController.m */ = {isa = PBXFileReference; fileEncoding = 4; lastKnownFileType = sourcecode.c.objc; path = GetHintViewController.m; sourceTree = "<group>"; };
		853C57C616F0E49700628BC9 /* GetHintViewController.xib */ = {isa = PBXFileReference; fileEncoding = 4; lastKnownFileType = file.xib; path = GetHintViewController.xib; sourceTree = "<group>"; };
		857491B916F1259400244679 /* TabBarController.xib */ = {isa = PBXFileReference; fileEncoding = 4; lastKnownFileType = file.xib; path = TabBarController.xib; sourceTree = "<group>"; };
		85ADA47916F1383600C2D3F3 /* check.png */ = {isa = PBXFileReference; lastKnownFileType = image.png; name = check.png; path = ../../../check.png; sourceTree = "<group>"; };
		85ADA47B16F1393300C2D3F3 /* hint.png */ = {isa = PBXFileReference; lastKnownFileType = image.png; name = hint.png; path = ../../../hint.png; sourceTree = "<group>"; };
		85ADA47D16F13C1300C2D3F3 /* unlock.png */ = {isa = PBXFileReference; lastKnownFileType = image.png; name = unlock.png; path = ../../../unlock.png; sourceTree = "<group>"; };
		85ADA47F16F1487B00C2D3F3 /* club.png */ = {isa = PBXFileReference; lastKnownFileType = image.png; name = club.png; path = ../../club.png; sourceTree = "<group>"; };
		85ADA48016F1487B00C2D3F3 /* spade.png */ = {isa = PBXFileReference; lastKnownFileType = image.png; name = spade.png; path = ../../spade.png; sourceTree = "<group>"; };
		85ADA48116F1487B00C2D3F3 /* diamond.png */ = {isa = PBXFileReference; lastKnownFileType = image.png; name = diamond.png; path = ../../diamond.png; sourceTree = "<group>"; };
		85ADA48216F1487B00C2D3F3 /* heart.png */ = {isa = PBXFileReference; lastKnownFileType = image.png; name = heart.png; path = ../../heart.png; sourceTree = "<group>"; };
/* End PBXFileReference section */

/* Begin PBXFrameworksBuildPhase section */
		853C577E16F0E39A00628BC9 /* Frameworks */ = {
			isa = PBXFrameworksBuildPhase;
			buildActionMask = 2147483647;
			files = (
				850C540A16F52A790083183C /* AudioToolbox.framework in Frameworks */,
				853C578616F0E39A00628BC9 /* UIKit.framework in Frameworks */,
				853C578816F0E39A00628BC9 /* Foundation.framework in Frameworks */,
				853C578A16F0E39A00628BC9 /* CoreGraphics.framework in Frameworks */,
			);
			runOnlyForDeploymentPostprocessing = 0;
		};
		853C579E16F0E39B00628BC9 /* Frameworks */ = {
			isa = PBXFrameworksBuildPhase;
			buildActionMask = 2147483647;
			files = (
				853C57A416F0E39B00628BC9 /* SenTestingKit.framework in Frameworks */,
				853C57A516F0E39B00628BC9 /* UIKit.framework in Frameworks */,
				853C57A616F0E39B00628BC9 /* Foundation.framework in Frameworks */,
			);
			runOnlyForDeploymentPostprocessing = 0;
		};
/* End PBXFrameworksBuildPhase section */

/* Begin PBXGroup section */
		853C577616F0E39A00628BC9 = {
			isa = PBXGroup;
			children = (
				850C53E716F24C020083183C /* CardInfo.h */,
				850C53E816F24C020083183C /* CardInfo.m */,
				853C578B16F0E39A00628BC9 /* Assignment3 */,
				853C57A916F0E39B00628BC9 /* Assignment3Tests */,
				853C578416F0E39A00628BC9 /* Frameworks */,
				853C578216F0E39A00628BC9 /* Products */,
			);
			sourceTree = "<group>";
		};
		853C578216F0E39A00628BC9 /* Products */ = {
			isa = PBXGroup;
			children = (
				853C578116F0E39A00628BC9 /* Assignment3.app */,
				853C57A216F0E39B00628BC9 /* Assignment3Tests.octest */,
			);
			name = Products;
			sourceTree = "<group>";
		};
		853C578416F0E39A00628BC9 /* Frameworks */ = {
			isa = PBXGroup;
			children = (
				850C540916F52A790083183C /* AudioToolbox.framework */,
				853C578516F0E39A00628BC9 /* UIKit.framework */,
				853C578716F0E39A00628BC9 /* Foundation.framework */,
				853C578916F0E39A00628BC9 /* CoreGraphics.framework */,
				853C57A316F0E39B00628BC9 /* SenTestingKit.framework */,
			);
			name = Frameworks;
			sourceTree = "<group>";
		};
		853C578B16F0E39A00628BC9 /* Assignment3 */ = {
			isa = PBXGroup;
			children = (
				853C579416F0E39A00628BC9 /* MMWAppDelegate.h */,
				853C579516F0E39A00628BC9 /* MMWAppDelegate.m */,
				850C541F16F560940083183C /* UIApplication.h */,
				853C57BF16F0E44D00628BC9 /* UnlockItViewController.h */,
				853C57C016F0E44D00628BC9 /* UnlockItViewController.m */,
				853C57C116F0E44D00628BC9 /* UnlockItViewController.xib */,
				853C57BA16F0E42500628BC9 /* CheckItViewController.h */,
				853C57BB16F0E42500628BC9 /* CheckItViewController.m */,
				853C57BC16F0E42500628BC9 /* CheckItViewController.xib */,
				853C57C416F0E49600628BC9 /* GetHintViewController.h */,
				853C57C516F0E49600628BC9 /* GetHintViewController.m */,
				853C57C616F0E49700628BC9 /* GetHintViewController.xib */,
				853C578C16F0E39A00628BC9 /* Supporting Files */,
				857491B916F1259400244679 /* TabBarController.xib */,
			);
			path = Assignment3;
			sourceTree = "<group>";
		};
		853C578C16F0E39A00628BC9 /* Supporting Files */ = {
			isa = PBXGroup;
			children = (
				850C542616F791F20083183C /* magic1.wav */,
				850C542016F572250083183C /* alien.png */,
				850C541D16F556D60083183C /* woosh1.wav */,
				850C541B16F53E900083183C /* click3.wav */,
				850C541916F537870083183C /* darkLight.png */,
				850C540716F526E90083183C /* pick.wav */,
				850C541716F537670083183C /* diamond.png */,
				850C540D16F534BD0083183C /* neon.png */,
				850C53EE16F39A090083183C /* redButton.png */,
				850C53EF16F39A090083183C /* greenButton.png */,
				85ADA47F16F1487B00C2D3F3 /* club.png */,
				85ADA48016F1487B00C2D3F3 /* spade.png */,
				85ADA48116F1487B00C2D3F3 /* diamond.png */,
				85ADA48216F1487B00C2D3F3 /* heart.png */,
				85ADA47D16F13C1300C2D3F3 /* unlock.png */,
				85ADA47B16F1393300C2D3F3 /* hint.png */,
				85ADA47916F1383600C2D3F3 /* check.png */,
				853C578D16F0E39A00628BC9 /* Assignment3-Info.plist */,
				850C540B16F5319E0083183C /* picker.wav */,
				853C578E16F0E39A00628BC9 /* InfoPlist.strings */,
				853C579116F0E39A00628BC9 /* main.m */,
				853C579316F0E39A00628BC9 /* Assignment3-Prefix.pch */,
			);
			name = "Supporting Files";
			sourceTree = "<group>";
		};
		853C57A916F0E39B00628BC9 /* Assignment3Tests */ = {
			isa = PBXGroup;
			children = (
				853C57AF16F0E39B00628BC9 /* Assignment3Tests.h */,
				853C57B016F0E39B00628BC9 /* Assignment3Tests.m */,
				853C57AA16F0E39B00628BC9 /* Supporting Files */,
			);
			path = Assignment3Tests;
			sourceTree = "<group>";
		};
		853C57AA16F0E39B00628BC9 /* Supporting Files */ = {
			isa = PBXGroup;
			children = (
				853C57AB16F0E39B00628BC9 /* Assignment3Tests-Info.plist */,
				853C57AC16F0E39B00628BC9 /* InfoPlist.strings */,
			);
			name = "Supporting Files";
			sourceTree = "<group>";
		};
/* End PBXGroup section */

/* Begin PBXNativeTarget section */
		853C578016F0E39A00628BC9 /* Assignment3 */ = {
			isa = PBXNativeTarget;
			buildConfigurationList = 853C57B416F0E39B00628BC9 /* Build configuration list for PBXNativeTarget "Assignment3" */;
			buildPhases = (
				853C577D16F0E39A00628BC9 /* Sources */,
				853C577E16F0E39A00628BC9 /* Frameworks */,
				853C577F16F0E39A00628BC9 /* Resources */,
			);
			buildRules = (
			);
			dependencies = (
			);
			name = Assignment3;
			productName = Assignment3;
			productReference = 853C578116F0E39A00628BC9 /* Assignment3.app */;
			productType = "com.apple.product-type.application";
		};
		853C57A116F0E39B00628BC9 /* Assignment3Tests */ = {
			isa = PBXNativeTarget;
			buildConfigurationList = 853C57B716F0E39B00628BC9 /* Build configuration list for PBXNativeTarget "Assignment3Tests" */;
			buildPhases = (
				853C579D16F0E39B00628BC9 /* Sources */,
				853C579E16F0E39B00628BC9 /* Frameworks */,
				853C579F16F0E39B00628BC9 /* Resources */,
				853C57A016F0E39B00628BC9 /* ShellScript */,
			);
			buildRules = (
			);
			dependencies = (
				853C57A816F0E39B00628BC9 /* PBXTargetDependency */,
			);
			name = Assignment3Tests;
			productName = Assignment3Tests;
			productReference = 853C57A216F0E39B00628BC9 /* Assignment3Tests.octest */;
			productType = "com.apple.product-type.bundle";
		};
/* End PBXNativeTarget section */

/* Begin PBXProject section */
		853C577816F0E39A00628BC9 /* Project object */ = {
			isa = PBXProject;
			attributes = {
				LastUpgradeCheck = 0420;
				ORGANIZATIONNAME = nyu;
			};
			buildConfigurationList = 853C577B16F0E39A00628BC9 /* Build configuration list for PBXProject "Assignment3" */;
			compatibilityVersion = "Xcode 3.2";
			developmentRegion = English;
			hasScannedForEncodings = 0;
			knownRegions = (
				en,
			);
			mainGroup = 853C577616F0E39A00628BC9;
			productRefGroup = 853C578216F0E39A00628BC9 /* Products */;
			projectDirPath = "";
			projectRoot = "";
			targets = (
				853C578016F0E39A00628BC9 /* Assignment3 */,
				853C57A116F0E39B00628BC9 /* Assignment3Tests */,
			);
		};
/* End PBXProject section */

/* Begin PBXResourcesBuildPhase section */
		853C577F16F0E39A00628BC9 /* Resources */ = {
			isa = PBXResourcesBuildPhase;
			buildActionMask = 2147483647;
			files = (
				853C579016F0E39A00628BC9 /* InfoPlist.strings in Resources */,
				853C57BE16F0E42500628BC9 /* CheckItViewController.xib in Resources */,
				853C57C316F0E44D00628BC9 /* UnlockItViewController.xib in Resources */,
				853C57C816F0E49700628BC9 /* GetHintViewController.xib in Resources */,
				857491BA16F1259400244679 /* TabBarController.xib in Resources */,
				85ADA47A16F1383600C2D3F3 /* check.png in Resources */,
				85ADA47C16F1393300C2D3F3 /* hint.png in Resources */,
				85ADA47E16F13C1300C2D3F3 /* unlock.png in Resources */,
				85ADA48316F1487B00C2D3F3 /* club.png in Resources */,
				85ADA48416F1487B00C2D3F3 /* spade.png in Resources */,
				85ADA48516F1487B00C2D3F3 /* diamond.png in Resources */,
				85ADA48616F1487B00C2D3F3 /* heart.png in Resources */,
				850C53F016F39A090083183C /* redButton.png in Resources */,
				850C53F116F39A090083183C /* greenButton.png in Resources */,
				850C540816F526E90083183C /* pick.wav in Resources */,
				850C540C16F5319E0083183C /* picker.wav in Resources */,
				850C540E16F534BD0083183C /* neon.png in Resources */,
				850C541816F537670083183C /* diamond.png in Resources */,
				850C541A16F537870083183C /* darkLight.png in Resources */,
				850C541C16F53E900083183C /* click3.wav in Resources */,
				850C541E16F556D60083183C /* woosh1.wav in Resources */,
				850C542116F572260083183C /* alien.png in Resources */,
				850C542716F791F20083183C /* magic1.wav in Resources */,
			);
			runOnlyForDeploymentPostprocessing = 0;
		};
		853C579F16F0E39B00628BC9 /* Resources */ = {
			isa = PBXResourcesBuildPhase;
			buildActionMask = 2147483647;
			files = (
				853C57AE16F0E39B00628BC9 /* InfoPlist.strings in Resources */,
			);
			runOnlyForDeploymentPostprocessing = 0;
		};
/* End PBXResourcesBuildPhase section */

/* Begin PBXShellScriptBuildPhase section */
		853C57A016F0E39B00628BC9 /* ShellScript */ = {
			isa = PBXShellScriptBuildPhase;
			buildActionMask = 2147483647;
			files = (
			);
			inputPaths = (
			);
			outputPaths = (
			);
			runOnlyForDeploymentPostprocessing = 0;
			shellPath = /bin/sh;
			shellScript = "# Run the unit tests in this test bundle.\n\"${SYSTEM_DEVELOPER_DIR}/Tools/RunUnitTests\"\n";
		};
/* End PBXShellScriptBuildPhase section */

/* Begin PBXSourcesBuildPhase section */
		853C577D16F0E39A00628BC9 /* Sources */ = {
			isa = PBXSourcesBuildPhase;
			buildActionMask = 2147483647;
			files = (
				853C579216F0E39A00628BC9 /* main.m in Sources */,
				853C579616F0E39A00628BC9 /* MMWAppDelegate.m in Sources */,
				853C57BD16F0E42500628BC9 /* CheckItViewController.m in Sources */,
				853C57C216F0E44D00628BC9 /* UnlockItViewController.m in Sources */,
				853C57C716F0E49700628BC9 /* GetHintViewController.m in Sources */,
				850C53E916F24C020083183C /* CardInfo.m in Sources */,
			);
			runOnlyForDeploymentPostprocessing = 0;
		};
		853C579D16F0E39B00628BC9 /* Sources */ = {
			isa = PBXSourcesBuildPhase;
			buildActionMask = 2147483647;
			files = (
				853C57B116F0E39B00628BC9 /* Assignment3Tests.m in Sources */,
			);
			runOnlyForDeploymentPostprocessing = 0;
		};
/* End PBXSourcesBuildPhase section */

/* Begin PBXTargetDependency section */
		853C57A816F0E39B00628BC9 /* PBXTargetDependency */ = {
			isa = PBXTargetDependency;
			target = 853C578016F0E39A00628BC9 /* Assignment3 */;
			targetProxy = 853C57A716F0E39B00628BC9 /* PBXContainerItemProxy */;
		};
/* End PBXTargetDependency section */

/* Begin PBXVariantGroup section */
		853C578E16F0E39A00628BC9 /* InfoPlist.strings */ = {
			isa = PBXVariantGroup;
			children = (
				853C578F16F0E39A00628BC9 /* en */,
			);
			name = InfoPlist.strings;
			sourceTree = "<group>";
		};
		853C57AC16F0E39B00628BC9 /* InfoPlist.strings */ = {
			isa = PBXVariantGroup;
			children = (
				853C57AD16F0E39B00628BC9 /* en */,
			);
			name = InfoPlist.strings;
			sourceTree = "<group>";
		};
/* End PBXVariantGroup section */

/* Begin XCBuildConfiguration section */
		853C57B216F0E39B00628BC9 /* Debug */ = {
			isa = XCBuildConfiguration;
			buildSettings = {
				ALWAYS_SEARCH_USER_PATHS = NO;
				ARCHS = "$(ARCHS_STANDARD_32_BIT)";
				CLANG_ENABLE_OBJC_ARC = YES;
				"CODE_SIGN_IDENTITY[sdk=iphoneos*]" = "iPhone Developer";
				COPY_PHASE_STRIP = NO;
				GCC_C_LANGUAGE_STANDARD = gnu99;
				GCC_DYNAMIC_NO_PIC = NO;
				GCC_OPTIMIZATION_LEVEL = 0;
				GCC_PREPROCESSOR_DEFINITIONS = (
					"DEBUG=1",
					"$(inherited)",
				);
				GCC_SYMBOLS_PRIVATE_EXTERN = NO;
				GCC_VERSION = com.apple.compilers.llvm.clang.1_0;
				GCC_WARN_ABOUT_MISSING_PROTOTYPES = YES;
				GCC_WARN_ABOUT_RETURN_TYPE = YES;
				GCC_WARN_UNUSED_VARIABLE = YES;
				IPHONEOS_DEPLOYMENT_TARGET = 5.0;
				SDKROOT = iphoneos;
			};
			name = Debug;
		};
		853C57B316F0E39B00628BC9 /* Release */ = {
			isa = XCBuildConfiguration;
			buildSettings = {
				ALWAYS_SEARCH_USER_PATHS = NO;
				ARCHS = "$(ARCHS_STANDARD_32_BIT)";
				CLANG_ENABLE_OBJC_ARC = YES;
				"CODE_SIGN_IDENTITY[sdk=iphoneos*]" = "iPhone Developer";
				COPY_PHASE_STRIP = YES;
				GCC_C_LANGUAGE_STANDARD = gnu99;
				GCC_VERSION = com.apple.compilers.llvm.clang.1_0;
				GCC_WARN_ABOUT_MISSING_PROTOTYPES = YES;
				GCC_WARN_ABOUT_RETURN_TYPE = YES;
				GCC_WARN_UNUSED_VARIABLE = YES;
				IPHONEOS_DEPLOYMENT_TARGET = 5.0;
				OTHER_CFLAGS = "-DNS_BLOCK_ASSERTIONS=1";
				SDKROOT = iphoneos;
				VALIDATE_PRODUCT = YES;
			};
			name = Release;
		};
		853C57B516F0E39B00628BC9 /* Debug */ = {
			isa = XCBuildConfiguration;
			buildSettings = {
				GCC_PRECOMPILE_PREFIX_HEADER = YES;
				GCC_PREFIX_HEADER = "Assignment3/Assignment3-Prefix.pch";
				INFOPLIST_FILE = "Assignment3/Assignment3-Info.plist";
				PRODUCT_NAME = "$(TARGET_NAME)";
				WRAPPER_EXTENSION = app;
			};
			name = Debug;
		};
		853C57B616F0E39B00628BC9 /* Release */ = {
			isa = XCBuildConfiguration;
			buildSettings = {
				GCC_PRECOMPILE_PREFIX_HEADER = YES;
				GCC_PREFIX_HEADER = "Assignment3/Assignment3-Prefix.pch";
				INFOPLIST_FILE = "Assignment3/Assignment3-Info.plist";
				PRODUCT_NAME = "$(TARGET_NAME)";
				WRAPPER_EXTENSION = app;
			};
			name = Release;
		};
		853C57B816F0E39B00628BC9 /* Debug */ = {
			isa = XCBuildConfiguration;
			buildSettings = {
				BUNDLE_LOADER = "$(BUILT_PRODUCTS_DIR)/Assignment3.app/Assignment3";
				FRAMEWORK_SEARCH_PATHS = (
					"$(SDKROOT)/Developer/Library/Frameworks",
					"$(DEVELOPER_LIBRARY_DIR)/Frameworks",
				);
				GCC_PRECOMPILE_PREFIX_HEADER = YES;
				GCC_PREFIX_HEADER = "Assignment3/Assignment3-Prefix.pch";
				INFOPLIST_FILE = "Assignment3Tests/Assignment3Tests-Info.plist";
				PRODUCT_NAME = "$(TARGET_NAME)";
				TEST_HOST = "$(BUNDLE_LOADER)";
				WRAPPER_EXTENSION = octest;
			};
			name = Debug;
		};
		853C57B916F0E39B00628BC9 /* Release */ = {
			isa = XCBuildConfiguration;
			buildSettings = {
				BUNDLE_LOADER = "$(BUILT_PRODUCTS_DIR)/Assignment3.app/Assignment3";
				FRAMEWORK_SEARCH_PATHS = (
					"$(SDKROOT)/Developer/Library/Frameworks",
					"$(DEVELOPER_LIBRARY_DIR)/Frameworks",
				);
				GCC_PRECOMPILE_PREFIX_HEADER = YES;
				GCC_PREFIX_HEADER = "Assignment3/Assignment3-Prefix.pch";
				INFOPLIST_FILE = "Assignment3Tests/Assignment3Tests-Info.plist";
				PRODUCT_NAME = "$(TARGET_NAME)";
				TEST_HOST = "$(BUNDLE_LOADER)";
				WRAPPER_EXTENSION = octest;
			};
			name = Release;
		};
/* End XCBuildConfiguration section */

/* Begin XCConfigurationList section */
		853C577B16F0E39A00628BC9 /* Build configuration list for PBXProject "Assignment3" */ = {
			isa = XCConfigurationList;
			buildConfigurations = (
				853C57B216F0E39B00628BC9 /* Debug */,
				853C57B316F0E39B00628BC9 /* Release */,
			);
			defaultConfigurationIsVisible = 0;
			defaultConfigurationName = Release;
		};
		853C57B416F0E39B00628BC9 /* Build configuration list for PBXNativeTarget "Assignment3" */ = {
			isa = XCConfigurationList;
			buildConfigurations = (
				853C57B516F0E39B00628BC9 /* Debug */,
				853C57B616F0E39B00628BC9 /* Release */,
			);
			defaultConfigurationIsVisible = 0;
			defaultConfigurationName = Release;
		};
		853C57B716F0E39B00628BC9 /* Build configuration list for PBXNativeTarget "Assignment3Tests" */ = {
			isa = XCConfigurationList;
			buildConfigurations = (
				853C57B816F0E39B00628BC9 /* Debug */,
				853C57B916F0E39B00628BC9 /* Release */,
			);
			defaultConfigurationIsVisible = 0;
			defaultConfigurationName = Release;
		};
/* End XCConfigurationList section */
	};
	rootObject = 853C577816F0E39A00628BC9 /* Project object */;
}
